
Microsoft Visual Studio Solution File, Format Version 12.00
# Visual Studio Version 17
VisualStudioVersion = 17.8.34525.116
MinimumVisualStudioVersion = 10.0.40219.1
Project("{9A19103F-16F7-4668-BE54-9A1E7A4F7556}") = "ServerPjCats", "ServerPjCats\ServerPjCats.csproj", "{A489AB87-0970-4E8A-9C3E-3CF8746AE08C}"
EndProject
Project("{9A19103F-16F7-4668-BE54-9A1E7A4F7556}") = "ClientPjCats", "..\..\client_packages\cs_packages\ClientPjCats\ClientPjCats.csproj", "{0DC3D730-6A16-4E7E-8AA6-6EC53F23E912}"
EndProject
Global
	GlobalSection(SolutionConfigurationPlatforms) = preSolution
		Debug|Any CPU = Debug|Any CPU
		Release|Any CPU = Release|Any CPU
	EndGlobalSection
	GlobalSection(ProjectConfigurationPlatforms) = postSolution
		{A489AB87-0970-4E8A-9C3E-3CF8746AE08C}.Debug|Any CPU.ActiveCfg = Debug|Any CPU
		{A489AB87-0970-4E8A-9C3E-3CF8746AE08C}.Debug|Any CPU.Build.0 = Debug|Any CPU
		{A489AB87-0970-4E8A-9C3E-3CF8746AE08C}.Release|Any CPU.ActiveCfg = Release|Any CPU
		{A489AB87-0970-4E8A-9C3E-3CF8746AE08C}.Release|Any CPU.Build.0 = Release|Any CPU
		{0DC3D730-6A16-4E7E-8AA6-6EC53F23E912}.Debug|Any CPU.ActiveCfg = Debug|Any CPU
		{0DC3D730-6A16-4E7E-8AA6-6EC53F23E912}.Debug|Any CPU.Build.0 = Debug|Any CPU
		{0DC3D730-6A16-4E7E-8AA6-6EC53F23E912}.Release|Any CPU.ActiveCfg = Release|Any CPU
		{0DC3D730-6A16-4E7E-8AA6-6EC53F23E912}.Release|Any CPU.Build.0 = Release|Any CPU
	EndGlobalSection
	GlobalSection(SolutionProperties) = preSolution
		HideSolutionNode = FALSE
	EndGlobalSection
	GlobalSection(ExtensibilityGlobals) = postSolution
		SolutionGuid = {200903C5-571C-48E7-B926-D6C13AFFB31E}
	EndGlobalSection
EndGlobal
